
Microsoft Visual Studio Solution File, Format Version 12.00
# Visual Studio Version 17
VisualStudioVersion = 17.2.32616.157
MinimumVisualStudioVersion = 10.0.40219.1
Project("{FAE04EC0-301F-11D3-BF4B-00C04F79EFBC}") = "BlazorIdentity.Server", "BlazorIdentity\Server\BlazorIdentity.Server.csproj", "{B631FB7D-AECD-4F25-8630-D8476A5B8464}"
EndProject
Project("{FAE04EC0-301F-11D3-BF4B-00C04F79EFBC}") = "BlazorIdentity.Client", "BlazorIdentity\Client\BlazorIdentity.Client.csproj", "{69CF80BE-5AA8-4D29-84B2-B27813D27431}"
EndProject
Project("{FAE04EC0-301F-11D3-BF4B-00C04F79EFBC}") = "BlazorIdentity.Shared", "BlazorIdentity\Shared\BlazorIdentity.Shared.csproj", "{C39E8969-9FF0-426C-9C2B-5D6C116AF31E}"
EndProject
Global
	GlobalSection(SolutionConfigurationPlatforms) = preSolution
		Debug|Any CPU = Debug|Any CPU
		Release|Any CPU = Release|Any CPU
	EndGlobalSection
	GlobalSection(ProjectConfigurationPlatforms) = postSolution
		{B631FB7D-AECD-4F25-8630-D8476A5B8464}.Debug|Any CPU.ActiveCfg = Debug|Any CPU
		{B631FB7D-AECD-4F25-8630-D8476A5B8464}.Debug|Any CPU.Build.0 = Debug|Any CPU
		{B631FB7D-AECD-4F25-8630-D8476A5B8464}.Release|Any CPU.ActiveCfg = Release|Any CPU
		{B631FB7D-AECD-4F25-8630-D8476A5B8464}.Release|Any CPU.Build.0 = Release|Any CPU
		{69CF80BE-5AA8-4D29-84B2-B27813D27431}.Debug|Any CPU.ActiveCfg = Debug|Any CPU
		{69CF80BE-5AA8-4D29-84B2-B27813D27431}.Debug|Any CPU.Build.0 = Debug|Any CPU
		{69CF80BE-5AA8-4D29-84B2-B27813D27431}.Release|Any CPU.ActiveCfg = Release|Any CPU
		{69CF80BE-5AA8-4D29-84B2-B27813D27431}.Release|Any CPU.Build.0 = Release|Any CPU
		{C39E8969-9FF0-426C-9C2B-5D6C116AF31E}.Debug|Any CPU.ActiveCfg = Debug|Any CPU
		{C39E8969-9FF0-426C-9C2B-5D6C116AF31E}.Debug|Any CPU.Build.0 = Debug|Any CPU
		{C39E8969-9FF0-426C-9C2B-5D6C116AF31E}.Release|Any CPU.ActiveCfg = Release|Any CPU
		{C39E8969-9FF0-426C-9C2B-5D6C116AF31E}.Release|Any CPU.Build.0 = Release|Any CPU
	EndGlobalSection
	GlobalSection(SolutionProperties) = preSolution
		HideSolutionNode = FALSE
	EndGlobalSection
	GlobalSection(ExtensibilityGlobals) = postSolution
		SolutionGuid = {AA2EB977-0EE9-4404-97AF-9E61479829FB}
	EndGlobalSection
EndGlobal
